
Microsoft Visual Studio Solution File, Format Version 12.00
# Visual Studio Version 17
VisualStudioVersion = 17.13.35806.99 d17.13
MinimumVisualStudioVersion = 10.0.40219.1
Project("{8BC9CEB8-8B4A-11D0-8D11-00A0C91BC942}") = "Sandbox", "Sandbox\Sandbox.vcxproj", "{F179B9DB-A672-40C0-A68E-A7983797496A}"
EndProject
Project("{8BC9CEB8-8B4A-11D0-8D11-00A0C91BC942}") = "Hazel", "Hazel\Hazel.vcxproj", "{B8834699-BAE6-451F-B84B-5CF379388724}"
EndProject
Global
	GlobalSection(SolutionConfigurationPlatforms) = preSolution
		Debug|x64 = Debug|x64
		Release|x64 = Release|x64
	EndGlobalSection
	GlobalSection(ProjectConfigurationPlatforms) = postSolution
		{B8834699-BAE6-451F-B84B-5CF379388724}.Debug|x64.ActiveCfg = Debug|x64
		{B8834699-BAE6-451F-B84B-5CF379388724}.Debug|x64.Build.0 = Debug|x64
		{B8834699-BAE6-451F-B84B-5CF379388724}.Release|x64.ActiveCfg = Release|x64
		{B8834699-BAE6-451F-B84B-5CF379388724}.Release|x64.Build.0 = Release|x64
		{F179B9DB-A672-40C0-A68E-A7983797496A}.Debug|x64.ActiveCfg = Debug|x64
		{F179B9DB-A672-40C0-A68E-A7983797496A}.Debug|x64.Build.0 = Debug|x64
		{F179B9DB-A672-40C0-A68E-A7983797496A}.Release|x64.ActiveCfg = Release|x64
		{F179B9DB-A672-40C0-A68E-A7983797496A}.Release|x64.Build.0 = Release|x64
	EndGlobalSection
	GlobalSection(SolutionProperties) = preSolution
		HideSolutionNode = FALSE
	EndGlobalSection
	GlobalSection(ExtensibilityGlobals) = postSolution
		SolutionGuid = {1DECF498-F1D6-4111-A49E-CE2D0804DEA6}
	EndGlobalSection
EndGlobal
